Microsoft Visual Studio Solution File, Format Version 12.00
# Visual Studio Version 17
VisualStudioVersion = 17.5.2.0
MinimumVisualStudioVersion = 10.0.40219.1
Project("{FAE04EC0-301F-11D3-BF4B-00C04F79EFBC}") = "AT23 Ingresso", "AT23 Ingresso.csproj", "{91CB4046-94B5-6183-0DE7-E9A06AA1AC6C}"
EndProject
Global
	GlobalSection(SolutionConfigurationPlatforms) = preSolution
		Debug|Any CPU = Debug|Any CPU
		Release|Any CPU = Release|Any CPU
	EndGlobalSection
	GlobalSection(ProjectConfigurationPlatforms) = postSolution
		{91CB4046-94B5-6183-0DE7-E9A06AA1AC6C}.Debug|Any CPU.ActiveCfg = Debug|Any CPU
		{91CB4046-94B5-6183-0DE7-E9A06AA1AC6C}.Debug|Any CPU.Build.0 = Debug|Any CPU
		{91CB4046-94B5-6183-0DE7-E9A06AA1AC6C}.Release|Any CPU.ActiveCfg = Release|Any CPU
		{91CB4046-94B5-6183-0DE7-E9A06AA1AC6C}.Release|Any CPU.Build.0 = Release|Any CPU
	EndGlobalSection
	GlobalSection(SolutionProperties) = preSolution
		HideSolutionNode = FALSE
	EndGlobalSection
	GlobalSection(ExtensibilityGlobals) = postSolution
		SolutionGuid = {5858D8C8-3524-439B-97A6-CC9C867FFD89}
	EndGlobalSection
EndGlobal
