Microsoft Visual Studio Solution File, Format Version 12.00
# Visual Studio Version 17
VisualStudioVersion = 17.5.2.0
MinimumVisualStudioVersion = 10.0.40219.1
Project("{FAE04EC0-301F-11D3-BF4B-00C04F79EFBC}") = "AT21 Calculadora", "AT21 Calculadora.csproj", "{456A46C4-DCD3-117A-E9C4-14B051C0AFBC}"
EndProject
Global
	GlobalSection(SolutionConfigurationPlatforms) = preSolution
		Debug|Any CPU = Debug|Any CPU
		Release|Any CPU = Release|Any CPU
	EndGlobalSection
	GlobalSection(ProjectConfigurationPlatforms) = postSolution
		{456A46C4-DCD3-117A-E9C4-14B051C0AFBC}.Debug|Any CPU.ActiveCfg = Debug|Any CPU
		{456A46C4-DCD3-117A-E9C4-14B051C0AFBC}.Debug|Any CPU.Build.0 = Debug|Any CPU
		{456A46C4-DCD3-117A-E9C4-14B051C0AFBC}.Release|Any CPU.ActiveCfg = Release|Any CPU
		{456A46C4-DCD3-117A-E9C4-14B051C0AFBC}.Release|Any CPU.Build.0 = Release|Any CPU
	EndGlobalSection
	GlobalSection(SolutionProperties) = preSolution
		HideSolutionNode = FALSE
	EndGlobalSection
	GlobalSection(ExtensibilityGlobals) = postSolution
		SolutionGuid = {206F65C5-3842-4BB8-9F08-C8F828851348}
	EndGlobalSection
EndGlobal
