Microsoft Visual Studio Solution File, Format Version 12.00
# Visual Studio Version 17
VisualStudioVersion = 17.5.2.0
MinimumVisualStudioVersion = 10.0.40219.1
Project("{FAE04EC0-301F-11D3-BF4B-00C04F79EFBC}") = "AT13_NumeroAleatorio_02", "AT13_NumeroAleatorio_02.csproj", "{BE0B8EC9-8190-CFAC-6337-CAB54824CD20}"
EndProject
Global
	GlobalSection(SolutionConfigurationPlatforms) = preSolution
		Debug|Any CPU = Debug|Any CPU
		Release|Any CPU = Release|Any CPU
	EndGlobalSection
	GlobalSection(ProjectConfigurationPlatforms) = postSolution
		{BE0B8EC9-8190-CFAC-6337-CAB54824CD20}.Debug|Any CPU.ActiveCfg = Debug|Any CPU
		{BE0B8EC9-8190-CFAC-6337-CAB54824CD20}.Debug|Any CPU.Build.0 = Debug|Any CPU
		{BE0B8EC9-8190-CFAC-6337-CAB54824CD20}.Release|Any CPU.ActiveCfg = Release|Any CPU
		{BE0B8EC9-8190-CFAC-6337-CAB54824CD20}.Release|Any CPU.Build.0 = Release|Any CPU
	EndGlobalSection
	GlobalSection(SolutionProperties) = preSolution
		HideSolutionNode = FALSE
	EndGlobalSection
	GlobalSection(ExtensibilityGlobals) = postSolution
		SolutionGuid = {21A4C7CB-AA39-46E9-AA43-9EA1D44B771B}
	EndGlobalSection
EndGlobal
