Microsoft Visual Studio Solution File, Format Version 12.00
# Visual Studio Version 17
VisualStudioVersion = 17.5.2.0
MinimumVisualStudioVersion = 10.0.40219.1
Project("{FAE04EC0-301F-11D3-BF4B-00C04F79EFBC}") = "IF and ELSE", "IF and ELSE.csproj", "{ED1CEBBA-E08F-1D26-A890-1EB5721BAB2A}"
EndProject
Global
	GlobalSection(SolutionConfigurationPlatforms) = preSolution
		Debug|Any CPU = Debug|Any CPU
		Release|Any CPU = Release|Any CPU
	EndGlobalSection
	GlobalSection(ProjectConfigurationPlatforms) = postSolution
		{ED1CEBBA-E08F-1D26-A890-1EB5721BAB2A}.Debug|Any CPU.ActiveCfg = Debug|Any CPU
		{ED1CEBBA-E08F-1D26-A890-1EB5721BAB2A}.Debug|Any CPU.Build.0 = Debug|Any CPU
		{ED1CEBBA-E08F-1D26-A890-1EB5721BAB2A}.Release|Any CPU.ActiveCfg = Release|Any CPU
		{ED1CEBBA-E08F-1D26-A890-1EB5721BAB2A}.Release|Any CPU.Build.0 = Release|Any CPU
	EndGlobalSection
	GlobalSection(SolutionProperties) = preSolution
		HideSolutionNode = FALSE
	EndGlobalSection
	GlobalSection(ExtensibilityGlobals) = postSolution
		SolutionGuid = {D52CE503-0873-4863-B800-160C0F7682A1}
	EndGlobalSection
EndGlobal
