Microsoft Visual Studio Solution File, Format Version 12.00
# Visual Studio Version 17
VisualStudioVersion = 17.5.2.0
MinimumVisualStudioVersion = 10.0.40219.1
Project("{FAE04EC0-301F-11D3-BF4B-00C04F79EFBC}") = "ELSE IF", "ELSE IF.csproj", "{98D37F68-9B10-2D5F-5FDF-66F4A48DB7BE}"
EndProject
Global
	GlobalSection(SolutionConfigurationPlatforms) = preSolution
		Debug|Any CPU = Debug|Any CPU
		Release|Any CPU = Release|Any CPU
	EndGlobalSection
	GlobalSection(ProjectConfigurationPlatforms) = postSolution
		{98D37F68-9B10-2D5F-5FDF-66F4A48DB7BE}.Debug|Any CPU.ActiveCfg = Debug|Any CPU
		{98D37F68-9B10-2D5F-5FDF-66F4A48DB7BE}.Debug|Any CPU.Build.0 = Debug|Any CPU
		{98D37F68-9B10-2D5F-5FDF-66F4A48DB7BE}.Release|Any CPU.ActiveCfg = Release|Any CPU
		{98D37F68-9B10-2D5F-5FDF-66F4A48DB7BE}.Release|Any CPU.Build.0 = Release|Any CPU
	EndGlobalSection
	GlobalSection(SolutionProperties) = preSolution
		HideSolutionNode = FALSE
	EndGlobalSection
	GlobalSection(ExtensibilityGlobals) = postSolution
		SolutionGuid = {11F483AB-8F64-4AA8-8DDD-6384F24FFD86}
	EndGlobalSection
EndGlobal
